{
  "name": "play-with-tree-sitter",
  "lockfileVersion": 2,
  "requires": true,
  "packages": {
    "": {
      "devDependencies": {
        "tree-sitter-cli": "^0.20.7"
      }
    },
    "node_modules/tree-sitter-cli": {
      "version": "0.20.7",
      "dev": true,
      "hasInstallScript": true,
      "license": "MIT",
      "bin": {
        "tree-sitter": "cli.js"
      }
    }
  },
  "dependencies": {
    "tree-sitter-cli": {
      "version": "0.20.7",
      "dev": true
    }
  }
}
